
Microsoft Visual Studio Solution File, Format Version 12.00
# Visual Studio Version 16
VisualStudioVersion = 16.0.31911.196
MinimumVisualStudioVersion = 10.0.40219.1
Project("{9A19103F-16F7-4668-BE54-9A1E7A4F7556}") = "ExchangeRates", "ExchangeRates\ExchangeRates.csproj", "{EBDDD0AE-BE3A-4C1A-A11B-8A31A661B8C3}"
EndProject
Project("{9A19103F-16F7-4668-BE54-9A1E7A4F7556}") = "ExchangeRates.Test", "ExchangeRates.Test\ExchangeRates.Test.csproj", "{38C6C0B5-0400-46CF-844C-DB18FAAFBDFB}"
EndProject
Project("{2150E333-8FDC-42A3-9474-1A3956D46DE8}") = "Solution Items", "Solution Items", "{62433BD6-45A2-4716-8C37-C7CDC1229E58}"
	ProjectSection(SolutionItems) = preProject
		ReadMe.txt = ReadMe.txt
	EndProjectSection
EndProject
Project("{2150E333-8FDC-42A3-9474-1A3956D46DE8}") = "Published Files", "Published Files", "{F9A6A5C4-43B1-46AD-BBBA-BB38A7182FA5}"
	ProjectSection(SolutionItems) = preProject
		PublishedProjectFiles\api-ms-win-core-console-l1-1-0.dll = PublishedProjectFiles\api-ms-win-core-console-l1-1-0.dll
		PublishedProjectFiles\api-ms-win-core-datetime-l1-1-0.dll = PublishedProjectFiles\api-ms-win-core-datetime-l1-1-0.dll
		PublishedProjectFiles\api-ms-win-core-debug-l1-1-0.dll = PublishedProjectFiles\api-ms-win-core-debug-l1-1-0.dll
		PublishedProjectFiles\api-ms-win-core-errorhandling-l1-1-0.dll = PublishedProjectFiles\api-ms-win-core-errorhandling-l1-1-0.dll
		PublishedProjectFiles\api-ms-win-core-file-l1-1-0.dll = PublishedProjectFiles\api-ms-win-core-file-l1-1-0.dll
		PublishedProjectFiles\api-ms-win-core-file-l1-2-0.dll = PublishedProjectFiles\api-ms-win-core-file-l1-2-0.dll
		PublishedProjectFiles\api-ms-win-core-file-l2-1-0.dll = PublishedProjectFiles\api-ms-win-core-file-l2-1-0.dll
		PublishedProjectFiles\api-ms-win-core-handle-l1-1-0.dll = PublishedProjectFiles\api-ms-win-core-handle-l1-1-0.dll
		PublishedProjectFiles\api-ms-win-core-heap-l1-1-0.dll = PublishedProjectFiles\api-ms-win-core-heap-l1-1-0.dll
		PublishedProjectFiles\api-ms-win-core-interlocked-l1-1-0.dll = PublishedProjectFiles\api-ms-win-core-interlocked-l1-1-0.dll
		PublishedProjectFiles\api-ms-win-core-libraryloader-l1-1-0.dll = PublishedProjectFiles\api-ms-win-core-libraryloader-l1-1-0.dll
		PublishedProjectFiles\api-ms-win-core-localization-l1-2-0.dll = PublishedProjectFiles\api-ms-win-core-localization-l1-2-0.dll
		PublishedProjectFiles\api-ms-win-core-memory-l1-1-0.dll = PublishedProjectFiles\api-ms-win-core-memory-l1-1-0.dll
		PublishedProjectFiles\api-ms-win-core-namedpipe-l1-1-0.dll = PublishedProjectFiles\api-ms-win-core-namedpipe-l1-1-0.dll
		PublishedProjectFiles\api-ms-win-core-processenvironment-l1-1-0.dll = PublishedProjectFiles\api-ms-win-core-processenvironment-l1-1-0.dll
		PublishedProjectFiles\api-ms-win-core-processthreads-l1-1-0.dll = PublishedProjectFiles\api-ms-win-core-processthreads-l1-1-0.dll
		PublishedProjectFiles\api-ms-win-core-processthreads-l1-1-1.dll = PublishedProjectFiles\api-ms-win-core-processthreads-l1-1-1.dll
		PublishedProjectFiles\api-ms-win-core-profile-l1-1-0.dll = PublishedProjectFiles\api-ms-win-core-profile-l1-1-0.dll
		PublishedProjectFiles\api-ms-win-core-rtlsupport-l1-1-0.dll = PublishedProjectFiles\api-ms-win-core-rtlsupport-l1-1-0.dll
		PublishedProjectFiles\api-ms-win-core-string-l1-1-0.dll = PublishedProjectFiles\api-ms-win-core-string-l1-1-0.dll
		PublishedProjectFiles\api-ms-win-core-synch-l1-1-0.dll = PublishedProjectFiles\api-ms-win-core-synch-l1-1-0.dll
		PublishedProjectFiles\api-ms-win-core-synch-l1-2-0.dll = PublishedProjectFiles\api-ms-win-core-synch-l1-2-0.dll
		PublishedProjectFiles\api-ms-win-core-sysinfo-l1-1-0.dll = PublishedProjectFiles\api-ms-win-core-sysinfo-l1-1-0.dll
		PublishedProjectFiles\api-ms-win-core-timezone-l1-1-0.dll = PublishedProjectFiles\api-ms-win-core-timezone-l1-1-0.dll
		PublishedProjectFiles\api-ms-win-core-util-l1-1-0.dll = PublishedProjectFiles\api-ms-win-core-util-l1-1-0.dll
		PublishedProjectFiles\api-ms-win-crt-conio-l1-1-0.dll = PublishedProjectFiles\api-ms-win-crt-conio-l1-1-0.dll
		PublishedProjectFiles\api-ms-win-crt-convert-l1-1-0.dll = PublishedProjectFiles\api-ms-win-crt-convert-l1-1-0.dll
		PublishedProjectFiles\api-ms-win-crt-environment-l1-1-0.dll = PublishedProjectFiles\api-ms-win-crt-environment-l1-1-0.dll
		PublishedProjectFiles\api-ms-win-crt-filesystem-l1-1-0.dll = PublishedProjectFiles\api-ms-win-crt-filesystem-l1-1-0.dll
		PublishedProjectFiles\api-ms-win-crt-heap-l1-1-0.dll = PublishedProjectFiles\api-ms-win-crt-heap-l1-1-0.dll
		PublishedProjectFiles\api-ms-win-crt-locale-l1-1-0.dll = PublishedProjectFiles\api-ms-win-crt-locale-l1-1-0.dll
		PublishedProjectFiles\api-ms-win-crt-math-l1-1-0.dll = PublishedProjectFiles\api-ms-win-crt-math-l1-1-0.dll
		PublishedProjectFiles\api-ms-win-crt-multibyte-l1-1-0.dll = PublishedProjectFiles\api-ms-win-crt-multibyte-l1-1-0.dll
		PublishedProjectFiles\api-ms-win-crt-private-l1-1-0.dll = PublishedProjectFiles\api-ms-win-crt-private-l1-1-0.dll
		PublishedProjectFiles\api-ms-win-crt-process-l1-1-0.dll = PublishedProjectFiles\api-ms-win-crt-process-l1-1-0.dll
		PublishedProjectFiles\api-ms-win-crt-runtime-l1-1-0.dll = PublishedProjectFiles\api-ms-win-crt-runtime-l1-1-0.dll
		PublishedProjectFiles\api-ms-win-crt-stdio-l1-1-0.dll = PublishedProjectFiles\api-ms-win-crt-stdio-l1-1-0.dll
		PublishedProjectFiles\api-ms-win-crt-string-l1-1-0.dll = PublishedProjectFiles\api-ms-win-crt-string-l1-1-0.dll
		PublishedProjectFiles\api-ms-win-crt-time-l1-1-0.dll = PublishedProjectFiles\api-ms-win-crt-time-l1-1-0.dll
		PublishedProjectFiles\api-ms-win-crt-utility-l1-1-0.dll = PublishedProjectFiles\api-ms-win-crt-utility-l1-1-0.dll
		PublishedProjectFiles\appsettings.Development.json = PublishedProjectFiles\appsettings.Development.json
		PublishedProjectFiles\appsettings.json = PublishedProjectFiles\appsettings.json
		PublishedProjectFiles\aspnetcorev2_inprocess.dll = PublishedProjectFiles\aspnetcorev2_inprocess.dll
		PublishedProjectFiles\clrcompression.dll = PublishedProjectFiles\clrcompression.dll
		PublishedProjectFiles\clretwrc.dll = PublishedProjectFiles\clretwrc.dll
		PublishedProjectFiles\clrjit.dll = PublishedProjectFiles\clrjit.dll
		PublishedProjectFiles\coreclr.dll = PublishedProjectFiles\coreclr.dll
		PublishedProjectFiles\dbgshim.dll = PublishedProjectFiles\dbgshim.dll
		PublishedProjectFiles\ExchangeRates.deps.json = PublishedProjectFiles\ExchangeRates.deps.json
		PublishedProjectFiles\ExchangeRates.dll = PublishedProjectFiles\ExchangeRates.dll
		PublishedProjectFiles\ExchangeRates.exe = PublishedProjectFiles\ExchangeRates.exe
		PublishedProjectFiles\ExchangeRates.pdb = PublishedProjectFiles\ExchangeRates.pdb
		PublishedProjectFiles\ExchangeRates.runtimeconfig.json = PublishedProjectFiles\ExchangeRates.runtimeconfig.json
		PublishedProjectFiles\hostfxr.dll = PublishedProjectFiles\hostfxr.dll
		PublishedProjectFiles\hostpolicy.dll = PublishedProjectFiles\hostpolicy.dll
		PublishedProjectFiles\Microsoft.AspNetCore.Antiforgery.dll = PublishedProjectFiles\Microsoft.AspNetCore.Antiforgery.dll
		PublishedProjectFiles\Microsoft.AspNetCore.Authentication.Abstractions.dll = PublishedProjectFiles\Microsoft.AspNetCore.Authentication.Abstractions.dll
		PublishedProjectFiles\Microsoft.AspNetCore.Authentication.Cookies.dll = PublishedProjectFiles\Microsoft.AspNetCore.Authentication.Cookies.dll
		PublishedProjectFiles\Microsoft.AspNetCore.Authentication.Core.dll = PublishedProjectFiles\Microsoft.AspNetCore.Authentication.Core.dll
		PublishedProjectFiles\Microsoft.AspNetCore.Authentication.dll = PublishedProjectFiles\Microsoft.AspNetCore.Authentication.dll
		PublishedProjectFiles\Microsoft.AspNetCore.Authentication.OAuth.dll = PublishedProjectFiles\Microsoft.AspNetCore.Authentication.OAuth.dll
		PublishedProjectFiles\Microsoft.AspNetCore.Authorization.dll = PublishedProjectFiles\Microsoft.AspNetCore.Authorization.dll
		PublishedProjectFiles\Microsoft.AspNetCore.Authorization.Policy.dll = PublishedProjectFiles\Microsoft.AspNetCore.Authorization.Policy.dll
		PublishedProjectFiles\Microsoft.AspNetCore.Components.Authorization.dll = PublishedProjectFiles\Microsoft.AspNetCore.Components.Authorization.dll
		PublishedProjectFiles\Microsoft.AspNetCore.Components.dll = PublishedProjectFiles\Microsoft.AspNetCore.Components.dll
		PublishedProjectFiles\Microsoft.AspNetCore.Components.Forms.dll = PublishedProjectFiles\Microsoft.AspNetCore.Components.Forms.dll
		PublishedProjectFiles\Microsoft.AspNetCore.Components.Server.dll = PublishedProjectFiles\Microsoft.AspNetCore.Components.Server.dll
		PublishedProjectFiles\Microsoft.AspNetCore.Components.Web.dll = PublishedProjectFiles\Microsoft.AspNetCore.Components.Web.dll
		PublishedProjectFiles\Microsoft.AspNetCore.Connections.Abstractions.dll = PublishedProjectFiles\Microsoft.AspNetCore.Connections.Abstractions.dll
		PublishedProjectFiles\Microsoft.AspNetCore.CookiePolicy.dll = PublishedProjectFiles\Microsoft.AspNetCore.CookiePolicy.dll
		PublishedProjectFiles\Microsoft.AspNetCore.Cors.dll = PublishedProjectFiles\Microsoft.AspNetCore.Cors.dll
		PublishedProjectFiles\Microsoft.AspNetCore.Cryptography.Internal.dll = PublishedProjectFiles\Microsoft.AspNetCore.Cryptography.Internal.dll
		PublishedProjectFiles\Microsoft.AspNetCore.Cryptography.KeyDerivation.dll = PublishedProjectFiles\Microsoft.AspNetCore.Cryptography.KeyDerivation.dll
		PublishedProjectFiles\Microsoft.AspNetCore.DataProtection.Abstractions.dll = PublishedProjectFiles\Microsoft.AspNetCore.DataProtection.Abstractions.dll
		PublishedProjectFiles\Microsoft.AspNetCore.DataProtection.dll = PublishedProjectFiles\Microsoft.AspNetCore.DataProtection.dll
		PublishedProjectFiles\Microsoft.AspNetCore.DataProtection.Extensions.dll = PublishedProjectFiles\Microsoft.AspNetCore.DataProtection.Extensions.dll
		PublishedProjectFiles\Microsoft.AspNetCore.Diagnostics.Abstractions.dll = PublishedProjectFiles\Microsoft.AspNetCore.Diagnostics.Abstractions.dll
		PublishedProjectFiles\Microsoft.AspNetCore.Diagnostics.dll = PublishedProjectFiles\Microsoft.AspNetCore.Diagnostics.dll
		PublishedProjectFiles\Microsoft.AspNetCore.Diagnostics.HealthChecks.dll = PublishedProjectFiles\Microsoft.AspNetCore.Diagnostics.HealthChecks.dll
		PublishedProjectFiles\Microsoft.AspNetCore.dll = PublishedProjectFiles\Microsoft.AspNetCore.dll
		PublishedProjectFiles\Microsoft.AspNetCore.HostFiltering.dll = PublishedProjectFiles\Microsoft.AspNetCore.HostFiltering.dll
		PublishedProjectFiles\Microsoft.AspNetCore.Hosting.Abstractions.dll = PublishedProjectFiles\Microsoft.AspNetCore.Hosting.Abstractions.dll
		PublishedProjectFiles\Microsoft.AspNetCore.Hosting.dll = PublishedProjectFiles\Microsoft.AspNetCore.Hosting.dll
		PublishedProjectFiles\Microsoft.AspNetCore.Hosting.Server.Abstractions.dll = PublishedProjectFiles\Microsoft.AspNetCore.Hosting.Server.Abstractions.dll
		PublishedProjectFiles\Microsoft.AspNetCore.Html.Abstractions.dll = PublishedProjectFiles\Microsoft.AspNetCore.Html.Abstractions.dll
		PublishedProjectFiles\Microsoft.AspNetCore.Http.Abstractions.dll = PublishedProjectFiles\Microsoft.AspNetCore.Http.Abstractions.dll
		PublishedProjectFiles\Microsoft.AspNetCore.Http.Connections.Common.dll = PublishedProjectFiles\Microsoft.AspNetCore.Http.Connections.Common.dll
		PublishedProjectFiles\Microsoft.AspNetCore.Http.Connections.dll = PublishedProjectFiles\Microsoft.AspNetCore.Http.Connections.dll
		PublishedProjectFiles\Microsoft.AspNetCore.Http.dll = PublishedProjectFiles\Microsoft.AspNetCore.Http.dll
		PublishedProjectFiles\Microsoft.AspNetCore.Http.Extensions.dll = PublishedProjectFiles\Microsoft.AspNetCore.Http.Extensions.dll
		PublishedProjectFiles\Microsoft.AspNetCore.Http.Features.dll = PublishedProjectFiles\Microsoft.AspNetCore.Http.Features.dll
		PublishedProjectFiles\Microsoft.AspNetCore.HttpOverrides.dll = PublishedProjectFiles\Microsoft.AspNetCore.HttpOverrides.dll
		PublishedProjectFiles\Microsoft.AspNetCore.HttpsPolicy.dll = PublishedProjectFiles\Microsoft.AspNetCore.HttpsPolicy.dll
		PublishedProjectFiles\Microsoft.AspNetCore.Identity.dll = PublishedProjectFiles\Microsoft.AspNetCore.Identity.dll
		PublishedProjectFiles\Microsoft.AspNetCore.JsonPatch.dll = PublishedProjectFiles\Microsoft.AspNetCore.JsonPatch.dll
		PublishedProjectFiles\Microsoft.AspNetCore.Localization.dll = PublishedProjectFiles\Microsoft.AspNetCore.Localization.dll
		PublishedProjectFiles\Microsoft.AspNetCore.Localization.Routing.dll = PublishedProjectFiles\Microsoft.AspNetCore.Localization.Routing.dll
		PublishedProjectFiles\Microsoft.AspNetCore.Metadata.dll = PublishedProjectFiles\Microsoft.AspNetCore.Metadata.dll
		PublishedProjectFiles\Microsoft.AspNetCore.Mvc.Abstractions.dll = PublishedProjectFiles\Microsoft.AspNetCore.Mvc.Abstractions.dll
		PublishedProjectFiles\Microsoft.AspNetCore.Mvc.ApiExplorer.dll = PublishedProjectFiles\Microsoft.AspNetCore.Mvc.ApiExplorer.dll
		PublishedProjectFiles\Microsoft.AspNetCore.Mvc.Core.dll = PublishedProjectFiles\Microsoft.AspNetCore.Mvc.Core.dll
		PublishedProjectFiles\Microsoft.AspNetCore.Mvc.Cors.dll = PublishedProjectFiles\Microsoft.AspNetCore.Mvc.Cors.dll
		PublishedProjectFiles\Microsoft.AspNetCore.Mvc.DataAnnotations.dll = PublishedProjectFiles\Microsoft.AspNetCore.Mvc.DataAnnotations.dll
		PublishedProjectFiles\Microsoft.AspNetCore.Mvc.dll = PublishedProjectFiles\Microsoft.AspNetCore.Mvc.dll
		PublishedProjectFiles\Microsoft.AspNetCore.Mvc.Formatters.Json.dll = PublishedProjectFiles\Microsoft.AspNetCore.Mvc.Formatters.Json.dll
		PublishedProjectFiles\Microsoft.AspNetCore.Mvc.Formatters.Xml.dll = PublishedProjectFiles\Microsoft.AspNetCore.Mvc.Formatters.Xml.dll
		PublishedProjectFiles\Microsoft.AspNetCore.Mvc.Localization.dll = PublishedProjectFiles\Microsoft.AspNetCore.Mvc.Localization.dll
		PublishedProjectFiles\Microsoft.AspNetCore.Mvc.NewtonsoftJson.dll = PublishedProjectFiles\Microsoft.AspNetCore.Mvc.NewtonsoftJson.dll
		PublishedProjectFiles\Microsoft.AspNetCore.Mvc.Razor.dll = PublishedProjectFiles\Microsoft.AspNetCore.Mvc.Razor.dll
		PublishedProjectFiles\Microsoft.AspNetCore.Mvc.RazorPages.dll = PublishedProjectFiles\Microsoft.AspNetCore.Mvc.RazorPages.dll
		PublishedProjectFiles\Microsoft.AspNetCore.Mvc.TagHelpers.dll = PublishedProjectFiles\Microsoft.AspNetCore.Mvc.TagHelpers.dll
		PublishedProjectFiles\Microsoft.AspNetCore.Mvc.ViewFeatures.dll = PublishedProjectFiles\Microsoft.AspNetCore.Mvc.ViewFeatures.dll
		PublishedProjectFiles\Microsoft.AspNetCore.Razor.dll = PublishedProjectFiles\Microsoft.AspNetCore.Razor.dll
		PublishedProjectFiles\Microsoft.AspNetCore.Razor.Runtime.dll = PublishedProjectFiles\Microsoft.AspNetCore.Razor.Runtime.dll
		PublishedProjectFiles\Microsoft.AspNetCore.ResponseCaching.Abstractions.dll = PublishedProjectFiles\Microsoft.AspNetCore.ResponseCaching.Abstractions.dll
		PublishedProjectFiles\Microsoft.AspNetCore.ResponseCaching.dll = PublishedProjectFiles\Microsoft.AspNetCore.ResponseCaching.dll
		PublishedProjectFiles\Microsoft.AspNetCore.ResponseCompression.dll = PublishedProjectFiles\Microsoft.AspNetCore.ResponseCompression.dll
		PublishedProjectFiles\Microsoft.AspNetCore.Rewrite.dll = PublishedProjectFiles\Microsoft.AspNetCore.Rewrite.dll
		PublishedProjectFiles\Microsoft.AspNetCore.Routing.Abstractions.dll = PublishedProjectFiles\Microsoft.AspNetCore.Routing.Abstractions.dll
		PublishedProjectFiles\Microsoft.AspNetCore.Routing.dll = PublishedProjectFiles\Microsoft.AspNetCore.Routing.dll
		PublishedProjectFiles\Microsoft.AspNetCore.Server.HttpSys.dll = PublishedProjectFiles\Microsoft.AspNetCore.Server.HttpSys.dll
		PublishedProjectFiles\Microsoft.AspNetCore.Server.IIS.dll = PublishedProjectFiles\Microsoft.AspNetCore.Server.IIS.dll
		PublishedProjectFiles\Microsoft.AspNetCore.Server.IISIntegration.dll = PublishedProjectFiles\Microsoft.AspNetCore.Server.IISIntegration.dll
		PublishedProjectFiles\Microsoft.AspNetCore.Server.Kestrel.Core.dll = PublishedProjectFiles\Microsoft.AspNetCore.Server.Kestrel.Core.dll
		PublishedProjectFiles\Microsoft.AspNetCore.Server.Kestrel.dll = PublishedProjectFiles\Microsoft.AspNetCore.Server.Kestrel.dll
		PublishedProjectFiles\Microsoft.AspNetCore.Server.Kestrel.Transport.Sockets.dll = PublishedProjectFiles\Microsoft.AspNetCore.Server.Kestrel.Transport.Sockets.dll
		PublishedProjectFiles\Microsoft.AspNetCore.Session.dll = PublishedProjectFiles\Microsoft.AspNetCore.Session.dll
		PublishedProjectFiles\Microsoft.AspNetCore.SignalR.Common.dll = PublishedProjectFiles\Microsoft.AspNetCore.SignalR.Common.dll
		PublishedProjectFiles\Microsoft.AspNetCore.SignalR.Core.dll = PublishedProjectFiles\Microsoft.AspNetCore.SignalR.Core.dll
		PublishedProjectFiles\Microsoft.AspNetCore.SignalR.dll = PublishedProjectFiles\Microsoft.AspNetCore.SignalR.dll
		PublishedProjectFiles\Microsoft.AspNetCore.SignalR.Protocols.Json.dll = PublishedProjectFiles\Microsoft.AspNetCore.SignalR.Protocols.Json.dll
		PublishedProjectFiles\Microsoft.AspNetCore.StaticFiles.dll = PublishedProjectFiles\Microsoft.AspNetCore.StaticFiles.dll
		PublishedProjectFiles\Microsoft.AspNetCore.WebSockets.dll = PublishedProjectFiles\Microsoft.AspNetCore.WebSockets.dll
		PublishedProjectFiles\Microsoft.AspNetCore.WebUtilities.dll = PublishedProjectFiles\Microsoft.AspNetCore.WebUtilities.dll
		PublishedProjectFiles\Microsoft.CSharp.dll = PublishedProjectFiles\Microsoft.CSharp.dll
		PublishedProjectFiles\Microsoft.DiaSymReader.Native.amd64.dll = PublishedProjectFiles\Microsoft.DiaSymReader.Native.amd64.dll
		PublishedProjectFiles\Microsoft.Extensions.Caching.Abstractions.dll = PublishedProjectFiles\Microsoft.Extensions.Caching.Abstractions.dll
		PublishedProjectFiles\Microsoft.Extensions.Caching.Memory.dll = PublishedProjectFiles\Microsoft.Extensions.Caching.Memory.dll
		PublishedProjectFiles\Microsoft.Extensions.Configuration.Abstractions.dll = PublishedProjectFiles\Microsoft.Extensions.Configuration.Abstractions.dll
		PublishedProjectFiles\Microsoft.Extensions.Configuration.Binder.dll = PublishedProjectFiles\Microsoft.Extensions.Configuration.Binder.dll
		PublishedProjectFiles\Microsoft.Extensions.Configuration.CommandLine.dll = PublishedProjectFiles\Microsoft.Extensions.Configuration.CommandLine.dll
		PublishedProjectFiles\Microsoft.Extensions.Configuration.dll = PublishedProjectFiles\Microsoft.Extensions.Configuration.dll
		PublishedProjectFiles\Microsoft.Extensions.Configuration.EnvironmentVariables.dll = PublishedProjectFiles\Microsoft.Extensions.Configuration.EnvironmentVariables.dll
		PublishedProjectFiles\Microsoft.Extensions.Configuration.FileExtensions.dll = PublishedProjectFiles\Microsoft.Extensions.Configuration.FileExtensions.dll
		PublishedProjectFiles\Microsoft.Extensions.Configuration.Ini.dll = PublishedProjectFiles\Microsoft.Extensions.Configuration.Ini.dll
		PublishedProjectFiles\Microsoft.Extensions.Configuration.Json.dll = PublishedProjectFiles\Microsoft.Extensions.Configuration.Json.dll
		PublishedProjectFiles\Microsoft.Extensions.Configuration.KeyPerFile.dll = PublishedProjectFiles\Microsoft.Extensions.Configuration.KeyPerFile.dll
		PublishedProjectFiles\Microsoft.Extensions.Configuration.UserSecrets.dll = PublishedProjectFiles\Microsoft.Extensions.Configuration.UserSecrets.dll
		PublishedProjectFiles\Microsoft.Extensions.Configuration.Xml.dll = PublishedProjectFiles\Microsoft.Extensions.Configuration.Xml.dll
		PublishedProjectFiles\Microsoft.Extensions.DependencyInjection.Abstractions.dll = PublishedProjectFiles\Microsoft.Extensions.DependencyInjection.Abstractions.dll
		PublishedProjectFiles\Microsoft.Extensions.DependencyInjection.dll = PublishedProjectFiles\Microsoft.Extensions.DependencyInjection.dll
		PublishedProjectFiles\Microsoft.Extensions.Diagnostics.HealthChecks.Abstractions.dll = PublishedProjectFiles\Microsoft.Extensions.Diagnostics.HealthChecks.Abstractions.dll
		PublishedProjectFiles\Microsoft.Extensions.Diagnostics.HealthChecks.dll = PublishedProjectFiles\Microsoft.Extensions.Diagnostics.HealthChecks.dll
		PublishedProjectFiles\Microsoft.Extensions.FileProviders.Abstractions.dll = PublishedProjectFiles\Microsoft.Extensions.FileProviders.Abstractions.dll
		PublishedProjectFiles\Microsoft.Extensions.FileProviders.Composite.dll = PublishedProjectFiles\Microsoft.Extensions.FileProviders.Composite.dll
		PublishedProjectFiles\Microsoft.Extensions.FileProviders.Embedded.dll = PublishedProjectFiles\Microsoft.Extensions.FileProviders.Embedded.dll
		PublishedProjectFiles\Microsoft.Extensions.FileProviders.Physical.dll = PublishedProjectFiles\Microsoft.Extensions.FileProviders.Physical.dll
		PublishedProjectFiles\Microsoft.Extensions.FileSystemGlobbing.dll = PublishedProjectFiles\Microsoft.Extensions.FileSystemGlobbing.dll
		PublishedProjectFiles\Microsoft.Extensions.Hosting.Abstractions.dll = PublishedProjectFiles\Microsoft.Extensions.Hosting.Abstractions.dll
		PublishedProjectFiles\Microsoft.Extensions.Hosting.dll = PublishedProjectFiles\Microsoft.Extensions.Hosting.dll
		PublishedProjectFiles\Microsoft.Extensions.Http.dll = PublishedProjectFiles\Microsoft.Extensions.Http.dll
		PublishedProjectFiles\Microsoft.Extensions.Identity.Core.dll = PublishedProjectFiles\Microsoft.Extensions.Identity.Core.dll
		PublishedProjectFiles\Microsoft.Extensions.Identity.Stores.dll = PublishedProjectFiles\Microsoft.Extensions.Identity.Stores.dll
		PublishedProjectFiles\Microsoft.Extensions.Localization.Abstractions.dll = PublishedProjectFiles\Microsoft.Extensions.Localization.Abstractions.dll
		PublishedProjectFiles\Microsoft.Extensions.Localization.dll = PublishedProjectFiles\Microsoft.Extensions.Localization.dll
		PublishedProjectFiles\Microsoft.Extensions.Logging.Abstractions.dll = PublishedProjectFiles\Microsoft.Extensions.Logging.Abstractions.dll
		PublishedProjectFiles\Microsoft.Extensions.Logging.Configuration.dll = PublishedProjectFiles\Microsoft.Extensions.Logging.Configuration.dll
		PublishedProjectFiles\Microsoft.Extensions.Logging.Console.dll = PublishedProjectFiles\Microsoft.Extensions.Logging.Console.dll
		PublishedProjectFiles\Microsoft.Extensions.Logging.Debug.dll = PublishedProjectFiles\Microsoft.Extensions.Logging.Debug.dll
		PublishedProjectFiles\Microsoft.Extensions.Logging.dll = PublishedProjectFiles\Microsoft.Extensions.Logging.dll
		PublishedProjectFiles\Microsoft.Extensions.Logging.EventLog.dll = PublishedProjectFiles\Microsoft.Extensions.Logging.EventLog.dll
		PublishedProjectFiles\Microsoft.Extensions.Logging.EventSource.dll = PublishedProjectFiles\Microsoft.Extensions.Logging.EventSource.dll
		PublishedProjectFiles\Microsoft.Extensions.Logging.TraceSource.dll = PublishedProjectFiles\Microsoft.Extensions.Logging.TraceSource.dll
		PublishedProjectFiles\Microsoft.Extensions.ObjectPool.dll = PublishedProjectFiles\Microsoft.Extensions.ObjectPool.dll
		PublishedProjectFiles\Microsoft.Extensions.Options.ConfigurationExtensions.dll = PublishedProjectFiles\Microsoft.Extensions.Options.ConfigurationExtensions.dll
		PublishedProjectFiles\Microsoft.Extensions.Options.DataAnnotations.dll = PublishedProjectFiles\Microsoft.Extensions.Options.DataAnnotations.dll
		PublishedProjectFiles\Microsoft.Extensions.Options.dll = PublishedProjectFiles\Microsoft.Extensions.Options.dll
		PublishedProjectFiles\Microsoft.Extensions.Primitives.dll = PublishedProjectFiles\Microsoft.Extensions.Primitives.dll
		PublishedProjectFiles\Microsoft.Extensions.WebEncoders.dll = PublishedProjectFiles\Microsoft.Extensions.WebEncoders.dll
		PublishedProjectFiles\Microsoft.JSInterop.dll = PublishedProjectFiles\Microsoft.JSInterop.dll
		PublishedProjectFiles\Microsoft.Net.Http.Headers.dll = PublishedProjectFiles\Microsoft.Net.Http.Headers.dll
		PublishedProjectFiles\Microsoft.OpenApi.dll = PublishedProjectFiles\Microsoft.OpenApi.dll
		PublishedProjectFiles\Microsoft.VisualBasic.Core.dll = PublishedProjectFiles\Microsoft.VisualBasic.Core.dll
		PublishedProjectFiles\Microsoft.VisualBasic.dll = PublishedProjectFiles\Microsoft.VisualBasic.dll
		PublishedProjectFiles\Microsoft.Win32.Primitives.dll = PublishedProjectFiles\Microsoft.Win32.Primitives.dll
		PublishedProjectFiles\Microsoft.Win32.Registry.dll = PublishedProjectFiles\Microsoft.Win32.Registry.dll
		PublishedProjectFiles\Microsoft.Win32.SystemEvents.dll = PublishedProjectFiles\Microsoft.Win32.SystemEvents.dll
		PublishedProjectFiles\mscordaccore.dll = PublishedProjectFiles\mscordaccore.dll
		PublishedProjectFiles\mscordaccore_amd64_amd64_4.700.21.51404.dll = PublishedProjectFiles\mscordaccore_amd64_amd64_4.700.21.51404.dll
		PublishedProjectFiles\mscordbi.dll = PublishedProjectFiles\mscordbi.dll
		PublishedProjectFiles\mscorlib.dll = PublishedProjectFiles\mscorlib.dll
		PublishedProjectFiles\mscorrc.debug.dll = PublishedProjectFiles\mscorrc.debug.dll
		PublishedProjectFiles\mscorrc.dll = PublishedProjectFiles\mscorrc.dll
		PublishedProjectFiles\netstandard.dll = PublishedProjectFiles\netstandard.dll
		PublishedProjectFiles\Newtonsoft.Json.Bson.dll = PublishedProjectFiles\Newtonsoft.Json.Bson.dll
		PublishedProjectFiles\Newtonsoft.Json.dll = PublishedProjectFiles\Newtonsoft.Json.dll
		PublishedProjectFiles\SOS_README.md = PublishedProjectFiles\SOS_README.md
		PublishedProjectFiles\Swashbuckle.AspNetCore.Swagger.dll = PublishedProjectFiles\Swashbuckle.AspNetCore.Swagger.dll
		PublishedProjectFiles\Swashbuckle.AspNetCore.SwaggerGen.dll = PublishedProjectFiles\Swashbuckle.AspNetCore.SwaggerGen.dll
		PublishedProjectFiles\Swashbuckle.AspNetCore.SwaggerUI.dll = PublishedProjectFiles\Swashbuckle.AspNetCore.SwaggerUI.dll
		PublishedProjectFiles\System.AppContext.dll = PublishedProjectFiles\System.AppContext.dll
		PublishedProjectFiles\System.Buffers.dll = PublishedProjectFiles\System.Buffers.dll
		PublishedProjectFiles\System.Collections.Concurrent.dll = PublishedProjectFiles\System.Collections.Concurrent.dll
		PublishedProjectFiles\System.Collections.dll = PublishedProjectFiles\System.Collections.dll
		PublishedProjectFiles\System.Collections.Immutable.dll = PublishedProjectFiles\System.Collections.Immutable.dll
		PublishedProjectFiles\System.Collections.NonGeneric.dll = PublishedProjectFiles\System.Collections.NonGeneric.dll
		PublishedProjectFiles\System.Collections.Specialized.dll = PublishedProjectFiles\System.Collections.Specialized.dll
		PublishedProjectFiles\System.ComponentModel.Annotations.dll = PublishedProjectFiles\System.ComponentModel.Annotations.dll
		PublishedProjectFiles\System.ComponentModel.DataAnnotations.dll = PublishedProjectFiles\System.ComponentModel.DataAnnotations.dll
		PublishedProjectFiles\System.ComponentModel.dll = PublishedProjectFiles\System.ComponentModel.dll
		PublishedProjectFiles\System.ComponentModel.EventBasedAsync.dll = PublishedProjectFiles\System.ComponentModel.EventBasedAsync.dll
		PublishedProjectFiles\System.ComponentModel.Primitives.dll = PublishedProjectFiles\System.ComponentModel.Primitives.dll
		PublishedProjectFiles\System.ComponentModel.TypeConverter.dll = PublishedProjectFiles\System.ComponentModel.TypeConverter.dll
		PublishedProjectFiles\System.Configuration.dll = PublishedProjectFiles\System.Configuration.dll
		PublishedProjectFiles\System.Console.dll = PublishedProjectFiles\System.Console.dll
		PublishedProjectFiles\System.Core.dll = PublishedProjectFiles\System.Core.dll
		PublishedProjectFiles\System.Data.Common.dll = PublishedProjectFiles\System.Data.Common.dll
		PublishedProjectFiles\System.Data.DataSetExtensions.dll = PublishedProjectFiles\System.Data.DataSetExtensions.dll
		PublishedProjectFiles\System.Data.dll = PublishedProjectFiles\System.Data.dll
		PublishedProjectFiles\System.Diagnostics.Contracts.dll = PublishedProjectFiles\System.Diagnostics.Contracts.dll
		PublishedProjectFiles\System.Diagnostics.Debug.dll = PublishedProjectFiles\System.Diagnostics.Debug.dll
		PublishedProjectFiles\System.Diagnostics.DiagnosticSource.dll = PublishedProjectFiles\System.Diagnostics.DiagnosticSource.dll
		PublishedProjectFiles\System.Diagnostics.EventLog.dll = PublishedProjectFiles\System.Diagnostics.EventLog.dll
		PublishedProjectFiles\System.Diagnostics.FileVersionInfo.dll = PublishedProjectFiles\System.Diagnostics.FileVersionInfo.dll
		PublishedProjectFiles\System.Diagnostics.Process.dll = PublishedProjectFiles\System.Diagnostics.Process.dll
		PublishedProjectFiles\System.Diagnostics.StackTrace.dll = PublishedProjectFiles\System.Diagnostics.StackTrace.dll
		PublishedProjectFiles\System.Diagnostics.TextWriterTraceListener.dll = PublishedProjectFiles\System.Diagnostics.TextWriterTraceListener.dll
		PublishedProjectFiles\System.Diagnostics.Tools.dll = PublishedProjectFiles\System.Diagnostics.Tools.dll
		PublishedProjectFiles\System.Diagnostics.TraceSource.dll = PublishedProjectFiles\System.Diagnostics.TraceSource.dll
		PublishedProjectFiles\System.Diagnostics.Tracing.dll = PublishedProjectFiles\System.Diagnostics.Tracing.dll
		PublishedProjectFiles\System.dll = PublishedProjectFiles\System.dll
		PublishedProjectFiles\System.Drawing.Common.dll = PublishedProjectFiles\System.Drawing.Common.dll
		PublishedProjectFiles\System.Drawing.dll = PublishedProjectFiles\System.Drawing.dll
		PublishedProjectFiles\System.Drawing.Primitives.dll = PublishedProjectFiles\System.Drawing.Primitives.dll
		PublishedProjectFiles\System.Dynamic.Runtime.dll = PublishedProjectFiles\System.Dynamic.Runtime.dll
		PublishedProjectFiles\System.Globalization.Calendars.dll = PublishedProjectFiles\System.Globalization.Calendars.dll
		PublishedProjectFiles\System.Globalization.dll = PublishedProjectFiles\System.Globalization.dll
		PublishedProjectFiles\System.Globalization.Extensions.dll = PublishedProjectFiles\System.Globalization.Extensions.dll
		PublishedProjectFiles\System.IO.Compression.Brotli.dll = PublishedProjectFiles\System.IO.Compression.Brotli.dll
		PublishedProjectFiles\System.IO.Compression.dll = PublishedProjectFiles\System.IO.Compression.dll
		PublishedProjectFiles\System.IO.Compression.FileSystem.dll = PublishedProjectFiles\System.IO.Compression.FileSystem.dll
		PublishedProjectFiles\System.IO.Compression.ZipFile.dll = PublishedProjectFiles\System.IO.Compression.ZipFile.dll
		PublishedProjectFiles\System.IO.dll = PublishedProjectFiles\System.IO.dll
		PublishedProjectFiles\System.IO.FileSystem.AccessControl.dll = PublishedProjectFiles\System.IO.FileSystem.AccessControl.dll
		PublishedProjectFiles\System.IO.FileSystem.dll = PublishedProjectFiles\System.IO.FileSystem.dll
		PublishedProjectFiles\System.IO.FileSystem.DriveInfo.dll = PublishedProjectFiles\System.IO.FileSystem.DriveInfo.dll
		PublishedProjectFiles\System.IO.FileSystem.Primitives.dll = PublishedProjectFiles\System.IO.FileSystem.Primitives.dll
		PublishedProjectFiles\System.IO.FileSystem.Watcher.dll = PublishedProjectFiles\System.IO.FileSystem.Watcher.dll
		PublishedProjectFiles\System.IO.IsolatedStorage.dll = PublishedProjectFiles\System.IO.IsolatedStorage.dll
		PublishedProjectFiles\System.IO.MemoryMappedFiles.dll = PublishedProjectFiles\System.IO.MemoryMappedFiles.dll
		PublishedProjectFiles\System.IO.Pipelines.dll = PublishedProjectFiles\System.IO.Pipelines.dll
		PublishedProjectFiles\System.IO.Pipes.AccessControl.dll = PublishedProjectFiles\System.IO.Pipes.AccessControl.dll
		PublishedProjectFiles\System.IO.Pipes.dll = PublishedProjectFiles\System.IO.Pipes.dll
		PublishedProjectFiles\System.IO.UnmanagedMemoryStream.dll = PublishedProjectFiles\System.IO.UnmanagedMemoryStream.dll
		PublishedProjectFiles\System.Linq.dll = PublishedProjectFiles\System.Linq.dll
		PublishedProjectFiles\System.Linq.Expressions.dll = PublishedProjectFiles\System.Linq.Expressions.dll
		PublishedProjectFiles\System.Linq.Parallel.dll = PublishedProjectFiles\System.Linq.Parallel.dll
		PublishedProjectFiles\System.Linq.Queryable.dll = PublishedProjectFiles\System.Linq.Queryable.dll
		PublishedProjectFiles\System.Memory.dll = PublishedProjectFiles\System.Memory.dll
		PublishedProjectFiles\System.Net.dll = PublishedProjectFiles\System.Net.dll
		PublishedProjectFiles\System.Net.Http.dll = PublishedProjectFiles\System.Net.Http.dll
		PublishedProjectFiles\System.Net.HttpListener.dll = PublishedProjectFiles\System.Net.HttpListener.dll
		PublishedProjectFiles\System.Net.Mail.dll = PublishedProjectFiles\System.Net.Mail.dll
		PublishedProjectFiles\System.Net.NameResolution.dll = PublishedProjectFiles\System.Net.NameResolution.dll
		PublishedProjectFiles\System.Net.NetworkInformation.dll = PublishedProjectFiles\System.Net.NetworkInformation.dll
		PublishedProjectFiles\System.Net.Ping.dll = PublishedProjectFiles\System.Net.Ping.dll
		PublishedProjectFiles\System.Net.Primitives.dll = PublishedProjectFiles\System.Net.Primitives.dll
		PublishedProjectFiles\System.Net.Requests.dll = PublishedProjectFiles\System.Net.Requests.dll
		PublishedProjectFiles\System.Net.Security.dll = PublishedProjectFiles\System.Net.Security.dll
		PublishedProjectFiles\System.Net.ServicePoint.dll = PublishedProjectFiles\System.Net.ServicePoint.dll
		PublishedProjectFiles\System.Net.Sockets.dll = PublishedProjectFiles\System.Net.Sockets.dll
		PublishedProjectFiles\System.Net.WebClient.dll = PublishedProjectFiles\System.Net.WebClient.dll
		PublishedProjectFiles\System.Net.WebHeaderCollection.dll = PublishedProjectFiles\System.Net.WebHeaderCollection.dll
		PublishedProjectFiles\System.Net.WebProxy.dll = PublishedProjectFiles\System.Net.WebProxy.dll
		PublishedProjectFiles\System.Net.WebSockets.Client.dll = PublishedProjectFiles\System.Net.WebSockets.Client.dll
		PublishedProjectFiles\System.Net.WebSockets.dll = PublishedProjectFiles\System.Net.WebSockets.dll
		PublishedProjectFiles\System.Numerics.dll = PublishedProjectFiles\System.Numerics.dll
		PublishedProjectFiles\System.Numerics.Vectors.dll = PublishedProjectFiles\System.Numerics.Vectors.dll
		PublishedProjectFiles\System.ObjectModel.dll = PublishedProjectFiles\System.ObjectModel.dll
		PublishedProjectFiles\System.Private.CoreLib.dll = PublishedProjectFiles\System.Private.CoreLib.dll
		PublishedProjectFiles\System.Private.DataContractSerialization.dll = PublishedProjectFiles\System.Private.DataContractSerialization.dll
		PublishedProjectFiles\System.Private.Uri.dll = PublishedProjectFiles\System.Private.Uri.dll
		PublishedProjectFiles\System.Private.Xml.dll = PublishedProjectFiles\System.Private.Xml.dll
		PublishedProjectFiles\System.Private.Xml.Linq.dll = PublishedProjectFiles\System.Private.Xml.Linq.dll
		PublishedProjectFiles\System.Reflection.DispatchProxy.dll = PublishedProjectFiles\System.Reflection.DispatchProxy.dll
		PublishedProjectFiles\System.Reflection.dll = PublishedProjectFiles\System.Reflection.dll
		PublishedProjectFiles\System.Reflection.Emit.dll = PublishedProjectFiles\System.Reflection.Emit.dll
		PublishedProjectFiles\System.Reflection.Emit.ILGeneration.dll = PublishedProjectFiles\System.Reflection.Emit.ILGeneration.dll
		PublishedProjectFiles\System.Reflection.Emit.Lightweight.dll = PublishedProjectFiles\System.Reflection.Emit.Lightweight.dll
		PublishedProjectFiles\System.Reflection.Extensions.dll = PublishedProjectFiles\System.Reflection.Extensions.dll
		PublishedProjectFiles\System.Reflection.Metadata.dll = PublishedProjectFiles\System.Reflection.Metadata.dll
		PublishedProjectFiles\System.Reflection.Primitives.dll = PublishedProjectFiles\System.Reflection.Primitives.dll
		PublishedProjectFiles\System.Reflection.TypeExtensions.dll = PublishedProjectFiles\System.Reflection.TypeExtensions.dll
		PublishedProjectFiles\System.Resources.Reader.dll = PublishedProjectFiles\System.Resources.Reader.dll
		PublishedProjectFiles\System.Resources.ResourceManager.dll = PublishedProjectFiles\System.Resources.ResourceManager.dll
		PublishedProjectFiles\System.Resources.Writer.dll = PublishedProjectFiles\System.Resources.Writer.dll
		PublishedProjectFiles\System.Runtime.CompilerServices.Unsafe.dll = PublishedProjectFiles\System.Runtime.CompilerServices.Unsafe.dll
		PublishedProjectFiles\System.Runtime.CompilerServices.VisualC.dll = PublishedProjectFiles\System.Runtime.CompilerServices.VisualC.dll
		PublishedProjectFiles\System.Runtime.dll = PublishedProjectFiles\System.Runtime.dll
		PublishedProjectFiles\System.Runtime.Extensions.dll = PublishedProjectFiles\System.Runtime.Extensions.dll
		PublishedProjectFiles\System.Runtime.Handles.dll = PublishedProjectFiles\System.Runtime.Handles.dll
		PublishedProjectFiles\System.Runtime.InteropServices.dll = PublishedProjectFiles\System.Runtime.InteropServices.dll
		PublishedProjectFiles\System.Runtime.InteropServices.RuntimeInformation.dll = PublishedProjectFiles\System.Runtime.InteropServices.RuntimeInformation.dll
		PublishedProjectFiles\System.Runtime.InteropServices.WindowsRuntime.dll = PublishedProjectFiles\System.Runtime.InteropServices.WindowsRuntime.dll
		PublishedProjectFiles\System.Runtime.Intrinsics.dll = PublishedProjectFiles\System.Runtime.Intrinsics.dll
		PublishedProjectFiles\System.Runtime.Loader.dll = PublishedProjectFiles\System.Runtime.Loader.dll
		PublishedProjectFiles\System.Runtime.Numerics.dll = PublishedProjectFiles\System.Runtime.Numerics.dll
		PublishedProjectFiles\System.Runtime.Serialization.dll = PublishedProjectFiles\System.Runtime.Serialization.dll
		PublishedProjectFiles\System.Runtime.Serialization.Formatters.dll = PublishedProjectFiles\System.Runtime.Serialization.Formatters.dll
		PublishedProjectFiles\System.Runtime.Serialization.Json.dll = PublishedProjectFiles\System.Runtime.Serialization.Json.dll
		PublishedProjectFiles\System.Runtime.Serialization.Primitives.dll = PublishedProjectFiles\System.Runtime.Serialization.Primitives.dll
		PublishedProjectFiles\System.Runtime.Serialization.Xml.dll = PublishedProjectFiles\System.Runtime.Serialization.Xml.dll
		PublishedProjectFiles\System.Runtime.WindowsRuntime.dll = PublishedProjectFiles\System.Runtime.WindowsRuntime.dll
		PublishedProjectFiles\System.Runtime.WindowsRuntime.UI.Xaml.dll = PublishedProjectFiles\System.Runtime.WindowsRuntime.UI.Xaml.dll
		PublishedProjectFiles\System.Security.AccessControl.dll = PublishedProjectFiles\System.Security.AccessControl.dll
		PublishedProjectFiles\System.Security.Claims.dll = PublishedProjectFiles\System.Security.Claims.dll
		PublishedProjectFiles\System.Security.Cryptography.Algorithms.dll = PublishedProjectFiles\System.Security.Cryptography.Algorithms.dll
		PublishedProjectFiles\System.Security.Cryptography.Cng.dll = PublishedProjectFiles\System.Security.Cryptography.Cng.dll
		PublishedProjectFiles\System.Security.Cryptography.Csp.dll = PublishedProjectFiles\System.Security.Cryptography.Csp.dll
		PublishedProjectFiles\System.Security.Cryptography.Encoding.dll = PublishedProjectFiles\System.Security.Cryptography.Encoding.dll
		PublishedProjectFiles\System.Security.Cryptography.OpenSsl.dll = PublishedProjectFiles\System.Security.Cryptography.OpenSsl.dll
		PublishedProjectFiles\System.Security.Cryptography.Pkcs.dll = PublishedProjectFiles\System.Security.Cryptography.Pkcs.dll
		PublishedProjectFiles\System.Security.Cryptography.Primitives.dll = PublishedProjectFiles\System.Security.Cryptography.Primitives.dll
		PublishedProjectFiles\System.Security.Cryptography.X509Certificates.dll = PublishedProjectFiles\System.Security.Cryptography.X509Certificates.dll
		PublishedProjectFiles\System.Security.Cryptography.Xml.dll = PublishedProjectFiles\System.Security.Cryptography.Xml.dll
		PublishedProjectFiles\System.Security.dll = PublishedProjectFiles\System.Security.dll
		PublishedProjectFiles\System.Security.Permissions.dll = PublishedProjectFiles\System.Security.Permissions.dll
		PublishedProjectFiles\System.Security.Principal.dll = PublishedProjectFiles\System.Security.Principal.dll
		PublishedProjectFiles\System.Security.Principal.Windows.dll = PublishedProjectFiles\System.Security.Principal.Windows.dll
		PublishedProjectFiles\System.Security.SecureString.dll = PublishedProjectFiles\System.Security.SecureString.dll
		PublishedProjectFiles\System.ServiceModel.Web.dll = PublishedProjectFiles\System.ServiceModel.Web.dll
		PublishedProjectFiles\System.ServiceProcess.dll = PublishedProjectFiles\System.ServiceProcess.dll
		PublishedProjectFiles\System.Text.Encoding.CodePages.dll = PublishedProjectFiles\System.Text.Encoding.CodePages.dll
		PublishedProjectFiles\System.Text.Encoding.dll = PublishedProjectFiles\System.Text.Encoding.dll
		PublishedProjectFiles\System.Text.Encoding.Extensions.dll = PublishedProjectFiles\System.Text.Encoding.Extensions.dll
		PublishedProjectFiles\System.Text.Encodings.Web.dll = PublishedProjectFiles\System.Text.Encodings.Web.dll
		PublishedProjectFiles\System.Text.Json.dll = PublishedProjectFiles\System.Text.Json.dll
		PublishedProjectFiles\System.Text.RegularExpressions.dll = PublishedProjectFiles\System.Text.RegularExpressions.dll
		PublishedProjectFiles\System.Threading.Channels.dll = PublishedProjectFiles\System.Threading.Channels.dll
		PublishedProjectFiles\System.Threading.dll = PublishedProjectFiles\System.Threading.dll
		PublishedProjectFiles\System.Threading.Overlapped.dll = PublishedProjectFiles\System.Threading.Overlapped.dll
		PublishedProjectFiles\System.Threading.Tasks.Dataflow.dll = PublishedProjectFiles\System.Threading.Tasks.Dataflow.dll
		PublishedProjectFiles\System.Threading.Tasks.dll = PublishedProjectFiles\System.Threading.Tasks.dll
		PublishedProjectFiles\System.Threading.Tasks.Extensions.dll = PublishedProjectFiles\System.Threading.Tasks.Extensions.dll
		PublishedProjectFiles\System.Threading.Tasks.Parallel.dll = PublishedProjectFiles\System.Threading.Tasks.Parallel.dll
		PublishedProjectFiles\System.Threading.Thread.dll = PublishedProjectFiles\System.Threading.Thread.dll
		PublishedProjectFiles\System.Threading.ThreadPool.dll = PublishedProjectFiles\System.Threading.ThreadPool.dll
		PublishedProjectFiles\System.Threading.Timer.dll = PublishedProjectFiles\System.Threading.Timer.dll
		PublishedProjectFiles\System.Transactions.dll = PublishedProjectFiles\System.Transactions.dll
		PublishedProjectFiles\System.Transactions.Local.dll = PublishedProjectFiles\System.Transactions.Local.dll
		PublishedProjectFiles\System.ValueTuple.dll = PublishedProjectFiles\System.ValueTuple.dll
		PublishedProjectFiles\System.Web.dll = PublishedProjectFiles\System.Web.dll
		PublishedProjectFiles\System.Web.HttpUtility.dll = PublishedProjectFiles\System.Web.HttpUtility.dll
		PublishedProjectFiles\System.Windows.dll = PublishedProjectFiles\System.Windows.dll
		PublishedProjectFiles\System.Windows.Extensions.dll = PublishedProjectFiles\System.Windows.Extensions.dll
		PublishedProjectFiles\System.Xml.dll = PublishedProjectFiles\System.Xml.dll
		PublishedProjectFiles\System.Xml.Linq.dll = PublishedProjectFiles\System.Xml.Linq.dll
		PublishedProjectFiles\System.Xml.ReaderWriter.dll = PublishedProjectFiles\System.Xml.ReaderWriter.dll
		PublishedProjectFiles\System.Xml.Serialization.dll = PublishedProjectFiles\System.Xml.Serialization.dll
		PublishedProjectFiles\System.Xml.XDocument.dll = PublishedProjectFiles\System.Xml.XDocument.dll
		PublishedProjectFiles\System.Xml.XmlDocument.dll = PublishedProjectFiles\System.Xml.XmlDocument.dll
		PublishedProjectFiles\System.Xml.XmlSerializer.dll = PublishedProjectFiles\System.Xml.XmlSerializer.dll
		PublishedProjectFiles\System.Xml.XPath.dll = PublishedProjectFiles\System.Xml.XPath.dll
		PublishedProjectFiles\System.Xml.XPath.XDocument.dll = PublishedProjectFiles\System.Xml.XPath.XDocument.dll
		PublishedProjectFiles\ucrtbase.dll = PublishedProjectFiles\ucrtbase.dll
		PublishedProjectFiles\web.config = PublishedProjectFiles\web.config
		PublishedProjectFiles\WindowsBase.dll = PublishedProjectFiles\WindowsBase.dll
	EndProjectSection
EndProject
Global
	GlobalSection(SolutionConfigurationPlatforms) = preSolution
		Debug|Any CPU = Debug|Any CPU
		Release|Any CPU = Release|Any CPU
	EndGlobalSection
	GlobalSection(ProjectConfigurationPlatforms) = postSolution
		{EBDDD0AE-BE3A-4C1A-A11B-8A31A661B8C3}.Debug|Any CPU.ActiveCfg = Debug|Any CPU
		{EBDDD0AE-BE3A-4C1A-A11B-8A31A661B8C3}.Debug|Any CPU.Build.0 = Debug|Any CPU
		{EBDDD0AE-BE3A-4C1A-A11B-8A31A661B8C3}.Release|Any CPU.ActiveCfg = Release|Any CPU
		{EBDDD0AE-BE3A-4C1A-A11B-8A31A661B8C3}.Release|Any CPU.Build.0 = Release|Any CPU
		{38C6C0B5-0400-46CF-844C-DB18FAAFBDFB}.Debug|Any CPU.ActiveCfg = Debug|Any CPU
		{38C6C0B5-0400-46CF-844C-DB18FAAFBDFB}.Debug|Any CPU.Build.0 = Debug|Any CPU
		{38C6C0B5-0400-46CF-844C-DB18FAAFBDFB}.Release|Any CPU.ActiveCfg = Release|Any CPU
		{38C6C0B5-0400-46CF-844C-DB18FAAFBDFB}.Release|Any CPU.Build.0 = Release|Any CPU
	EndGlobalSection
	GlobalSection(SolutionProperties) = preSolution
		HideSolutionNode = FALSE
	EndGlobalSection
	GlobalSection(ExtensibilityGlobals) = postSolution
		SolutionGuid = {D97706C3-395D-44B5-B00B-9F4920BD7A2B}
	EndGlobalSection
EndGlobal
