
Microsoft Visual Studio Solution File, Format Version 12.00
# Visual Studio Version 16
VisualStudioVersion = 16.0.31911.196
MinimumVisualStudioVersion = 10.0.40219.1
Project("{9A19103F-16F7-4668-BE54-9A1E7A4F7556}") = "ExchangeRates", "ExchangeRates\ExchangeRates.csproj", "{EBDDD0AE-BE3A-4C1A-A11B-8A31A661B8C3}"
EndProject
Project("{9A19103F-16F7-4668-BE54-9A1E7A4F7556}") = "ExchangeRates.Test", "ExchangeRates.Test\ExchangeRates.Test.csproj", "{38C6C0B5-0400-46CF-844C-DB18FAAFBDFB}"
EndProject
Global
	GlobalSection(SolutionConfigurationPlatforms) = preSolution
		Debug|Any CPU = Debug|Any CPU
		Release|Any CPU = Release|Any CPU
	EndGlobalSection
	GlobalSection(ProjectConfigurationPlatforms) = postSolution
		{EBDDD0AE-BE3A-4C1A-A11B-8A31A661B8C3}.Debug|Any CPU.ActiveCfg = Debug|Any CPU
		{EBDDD0AE-BE3A-4C1A-A11B-8A31A661B8C3}.Debug|Any CPU.Build.0 = Debug|Any CPU
		{EBDDD0AE-BE3A-4C1A-A11B-8A31A661B8C3}.Release|Any CPU.ActiveCfg = Release|Any CPU
		{EBDDD0AE-BE3A-4C1A-A11B-8A31A661B8C3}.Release|Any CPU.Build.0 = Release|Any CPU
		{38C6C0B5-0400-46CF-844C-DB18FAAFBDFB}.Debug|Any CPU.ActiveCfg = Debug|Any CPU
		{38C6C0B5-0400-46CF-844C-DB18FAAFBDFB}.Debug|Any CPU.Build.0 = Debug|Any CPU
		{38C6C0B5-0400-46CF-844C-DB18FAAFBDFB}.Release|Any CPU.ActiveCfg = Release|Any CPU
		{38C6C0B5-0400-46CF-844C-DB18FAAFBDFB}.Release|Any CPU.Build.0 = Release|Any CPU
	EndGlobalSection
	GlobalSection(SolutionProperties) = preSolution
		HideSolutionNode = FALSE
	EndGlobalSection
	GlobalSection(ExtensibilityGlobals) = postSolution
		SolutionGuid = {D97706C3-395D-44B5-B00B-9F4920BD7A2B}
	EndGlobalSection
EndGlobal
